// !$*UTF8*$!
{
	archiveVersion = 1;
	classes = {
	};
	objectVersion = 46;
	objects = {

/* Begin PBXBuildFile section */
		3F0225DF1CB6BEBB00158A1B /* CustomCellHeaderAsso.swift in Sources */ = {isa = PBXBuildFile; fileRef = 3F0225DE1CB6BEBB00158A1B /* CustomCellHeaderAsso.swift */; };
		3F0225E31CBC33C400158A1B /* CustomCellEventMember.swift in Sources */ = {isa = PBXBuildFile; fileRef = 3F0225E21CBC33C400158A1B /* CustomCellEventMember.swift */; };
		3F0225E51CC0092700158A1B /* UpdateEvent.swift in Sources */ = {isa = PBXBuildFile; fileRef = 3F0225E41CC0092700158A1B /* UpdateEvent.swift */; };
		3F0225E71CC00E0E00158A1B /* UpdateEventDate.swift in Sources */ = {isa = PBXBuildFile; fileRef = 3F0225E61CC00E0E00158A1B /* UpdateEventDate.swift */; };
		3F0225E91CC1503100158A1B /* CurrentEvent.swift in Sources */ = {isa = PBXBuildFile; fileRef = 3F0225E81CC1503100158A1B /* CurrentEvent.swift */; };
		3F12A0651C91E53900513778 /* gestionCompte.swift in Sources */ = {isa = PBXBuildFile; fileRef = 3F12A0641C91E53900513778 /* gestionCompte.swift */; };
		3F12A0671C91F14A00513778 /* VolunteerModel.swift in Sources */ = {isa = PBXBuildFile; fileRef = 3F12A0661C91F14A00513778 /* VolunteerModel.swift */; };
		3F12A0691C94484700513778 /* ParametreAssociation.swift in Sources */ = {isa = PBXBuildFile; fileRef = 3F12A0681C94484700513778 /* ParametreAssociation.swift */; };
		3F12A06C1C95BDF400513778 /* CreateEvent.swift in Sources */ = {isa = PBXBuildFile; fileRef = 3F12A06B1C95BDF400513778 /* CreateEvent.swift */; };
		3F12A0EA1C9881D900513778 /* DateEvent.swift in Sources */ = {isa = PBXBuildFile; fileRef = 3F12A0E91C9881D900513778 /* DateEvent.swift */; };
		3F12A0EC1C98C78200513778 /* EventOfAssociation.swift in Sources */ = {isa = PBXBuildFile; fileRef = 3F12A0EB1C98C78200513778 /* EventOfAssociation.swift */; };
		3F12A0EE1C997BD000513778 /* ProfilEvent.swift in Sources */ = {isa = PBXBuildFile; fileRef = 3F12A0ED1C997BD000513778 /* ProfilEvent.swift */; };
		3F12A0F01C9B039D00513778 /* InformationEvent.swift in Sources */ = {isa = PBXBuildFile; fileRef = 3F12A0EF1C9B039D00513778 /* InformationEvent.swift */; };
		3F12A0F21C9B03B500513778 /* MembersEvent.swift in Sources */ = {isa = PBXBuildFile; fileRef = 3F12A0F11C9B03B500513778 /* MembersEvent.swift */; };
		3F12A0F41C9B0E5400513778 /* MyEvents.swift in Sources */ = {isa = PBXBuildFile; fileRef = 3F12A0F31C9B0E5400513778 /* MyEvents.swift */; };
		3F15CD701C70DBC5004AB3DE /* NewAssociation.swift in Sources */ = {isa = PBXBuildFile; fileRef = 3F15CD6F1C70DBC5004AB3DE /* NewAssociation.swift */; };
		3F15CD721C737753004AB3DE /* AssociationProfil.swift in Sources */ = {isa = PBXBuildFile; fileRef = 3F15CD711C737753004AB3DE /* AssociationProfil.swift */; };
		3F15CD741C786E95004AB3DE /* AllAssociations.swift in Sources */ = {isa = PBXBuildFile; fileRef = 3F15CD731C786E95004AB3DE /* AllAssociations.swift */; };
		3F1CC05F1D75CC34006F38D7 /* CustomCellActu.xib in Resources */ = {isa = PBXBuildFile; fileRef = 3F1CC05E1D75CC34006F38D7 /* CustomCellActu.xib */; };
		3F1CC0611D75CF01006F38D7 /* CustomCellActu.swift in Sources */ = {isa = PBXBuildFile; fileRef = 3F1CC0601D75CF01006F38D7 /* CustomCellActu.swift */; };
		3F3FAE841CF74FA600E2779C /* CustomCellInviteMember.swift in Sources */ = {isa = PBXBuildFile; fileRef = 3F3FAE831CF74FA600E2779C /* CustomCellInviteMember.swift */; };
		3F3FAE861CF7A0D400E2779C /* InviteGuest.swift in Sources */ = {isa = PBXBuildFile; fileRef = 3F3FAE851CF7A0D400E2779C /* InviteGuest.swift */; };
		3F3FAE881CF7A69900E2779C /* CustomCellInviteGuest.swift in Sources */ = {isa = PBXBuildFile; fileRef = 3F3FAE871CF7A69900E2779C /* CustomCellInviteGuest.swift */; };
		3F3FAE8A1CF7A8FA00E2779C /* CurrentAssociation.swift in Sources */ = {isa = PBXBuildFile; fileRef = 3F3FAE891CF7A8FA00E2779C /* CurrentAssociation.swift */; };
		3F3FAE8D1D03143900E2779C /* LoadPhotoController.swift in Sources */ = {isa = PBXBuildFile; fileRef = 3F3FAE8C1D03143900E2779C /* LoadPhotoController.swift */; };
		3F3FAE8F1D2478F800E2779C /* CustomCellInvitations.swift in Sources */ = {isa = PBXBuildFile; fileRef = 3F3FAE8E1D2478F800E2779C /* CustomCellInvitations.swift */; };
		3F3FAE911D27BA9A00E2779C /* websocket.swift in Sources */ = {isa = PBXBuildFile; fileRef = 3F3FAE901D27BA9A00E2779C /* websocket.swift */; };
		3F3FAE931D27FE0F00E2779C /* VolunteerEvents.swift in Sources */ = {isa = PBXBuildFile; fileRef = 3F3FAE921D27FE0F00E2779C /* VolunteerEvents.swift */; };
		3F3FAE971D28072C00E2779C /* CustomCellEventVolunteer.swift in Sources */ = {isa = PBXBuildFile; fileRef = 3F3FAE961D28072C00E2779C /* CustomCellEventVolunteer.swift */; };
		3F3FAE991D48EEEF00E2779C /* CustomCellAssoActu.swift in Sources */ = {isa = PBXBuildFile; fileRef = 3F3FAE981D48EEEF00E2779C /* CustomCellAssoActu.swift */; };
		3F4FB7471D95576C004563A6 /* ListchatroomController.swift in Sources */ = {isa = PBXBuildFile; fileRef = 3F4FB7461D95576C004563A6 /* ListchatroomController.swift */; };
		3F6025711C21B68600FC7FB1 /* SubscribeCtrl.swift in Sources */ = {isa = PBXBuildFile; fileRef = 3F6025701C21B68600FC7FB1 /* SubscribeCtrl.swift */; };
		3F6025731C21EAAA00FC7FB1 /* HomeController.swift in Sources */ = {isa = PBXBuildFile; fileRef = 3F6025721C21EAAA00FC7FB1 /* HomeController.swift */; };
		3F639D551CDF960100F45583 /* ProfilVolunteer.swift in Sources */ = {isa = PBXBuildFile; fileRef = 3F639D541CDF960100F45583 /* ProfilVolunteer.swift */; };
		3F639D571CDF972400F45583 /* CustomCellProfil.swift in Sources */ = {isa = PBXBuildFile; fileRef = 3F639D561CDF972400F45583 /* CustomCellProfil.swift */; };
		3F639D591CE1047100F45583 /* VolunteerAsso.swift in Sources */ = {isa = PBXBuildFile; fileRef = 3F639D581CE1047100F45583 /* VolunteerAsso.swift */; };
		3F639D5B1CE10AFF00F45583 /* CustomCellAssoVolunteer.swift in Sources */ = {isa = PBXBuildFile; fileRef = 3F639D5A1CE10AFF00F45583 /* CustomCellAssoVolunteer.swift */; };
		3F676F3C1CAB790600466065 /* ViewCell.swift in Sources */ = {isa = PBXBuildFile; fileRef = 3F676F3B1CAB790600466065 /* ViewCell.swift */; };
		3F676F401CABFFD500466065 /* CustomCellCollectionCreateAsso.swift in Sources */ = {isa = PBXBuildFile; fileRef = 3F676F3F1CABFFD500466065 /* CustomCellCollectionCreateAsso.swift */; };
		3F891F651CF3409C00712C6E /* InvitationsController.swift in Sources */ = {isa = PBXBuildFile; fileRef = 3F891F641CF3409C00712C6E /* InvitationsController.swift */; };
		3F891F671CF3491600712C6E /* InviteMember.swift in Sources */ = {isa = PBXBuildFile; fileRef = 3F891F661CF3491600712C6E /* InviteMember.swift */; };
		3F9F470D1C7CC47E007DCDB1 /* itemMyAsssoc.swift in Sources */ = {isa = PBXBuildFile; fileRef = 3F9F470C1C7CC47E007DCDB1 /* itemMyAsssoc.swift */; };
		3FB4BF191C4F95EA00110EEA /* MenuController.swift in Sources */ = {isa = PBXBuildFile; fileRef = 3FB4BF181C4F95EA00110EEA /* MenuController.swift */; };
		3FB4BF1E1C5171D400110EEA /* Main.storyboard in Resources */ = {isa = PBXBuildFile; fileRef = 3FB4BF1C1C5171D400110EEA /* Main.storyboard */; };
		3FB4BF201C57F96D00110EEA /* TabBarController.swift in Sources */ = {isa = PBXBuildFile; fileRef = 3FB4BF1F1C57F96D00110EEA /* TabBarController.swift */; };
		3FB4BF221C6147CE00110EEA /* MyAssociations.swift in Sources */ = {isa = PBXBuildFile; fileRef = 3FB4BF211C6147CE00110EEA /* MyAssociations.swift */; };
		3FB52A531CA1AEBB004D56D3 /* CustomCellMemberAssociation.swift in Sources */ = {isa = PBXBuildFile; fileRef = 3FB52A521CA1AEBB004D56D3 /* CustomCellMemberAssociation.swift */; };
		3FB52A551CA1E6C2004D56D3 /* CustomCellMyEvents.swift in Sources */ = {isa = PBXBuildFile; fileRef = 3FB52A541CA1E6C2004D56D3 /* CustomCellMyEvents.swift */; };
		3FB52A571CA1EBB9004D56D3 /* CustomCellMyAssos.swift in Sources */ = {isa = PBXBuildFile; fileRef = 3FB52A561CA1EBB9004D56D3 /* CustomCellMyAssos.swift */; };
		3FC5219F1CA4318000742193 /* PostStatutAsso.swift in Sources */ = {isa = PBXBuildFile; fileRef = 3FC5219E1CA4318000742193 /* PostStatutAsso.swift */; };
		3FC521A11CA459DD00742193 /* CustomCellHomePage.swift in Sources */ = {isa = PBXBuildFile; fileRef = 3FC521A01CA459DD00742193 /* CustomCellHomePage.swift */; };
		3FC521A31CA49AB700742193 /* MyFriends.swift in Sources */ = {isa = PBXBuildFile; fileRef = 3FC521A21CA49AB700742193 /* MyFriends.swift */; };
		3FC521A51CA49B7300742193 /* CustomFriendCell.swift in Sources */ = {isa = PBXBuildFile; fileRef = 3FC521A41CA49B7300742193 /* CustomFriendCell.swift */; };
		3FC521A81CA4A6C100742193 /* VolunteerNotification.swift in Sources */ = {isa = PBXBuildFile; fileRef = 3FC521A71CA4A6C100742193 /* VolunteerNotification.swift */; };
		3FC521AA1CA4ABD700742193 /* CustomCellNotif.swift in Sources */ = {isa = PBXBuildFile; fileRef = 3FC521A91CA4ABD700742193 /* CustomCellNotif.swift */; };
		3FCC1F9D1C7DE4AE00B5EA9A /* MembersInAssociation.swift in Sources */ = {isa = PBXBuildFile; fileRef = 3FCC1F9C1C7DE4AE00B5EA9A /* MembersInAssociation.swift */; };
		3FCC1F9F1C7DEF6900B5EA9A /* DescriptionAssociation.swift in Sources */ = {isa = PBXBuildFile; fileRef = 3FCC1F9E1C7DEF6900B5EA9A /* DescriptionAssociation.swift */; };
		3FCC1FA11C7E709000B5EA9A /* NotifAssociation.swift in Sources */ = {isa = PBXBuildFile; fileRef = 3FCC1FA01C7E709000B5EA9A /* NotifAssociation.swift */; };
		3FCC1FA41C7E754E00B5EA9A /* MenuOwnerAssociation.swift in Sources */ = {isa = PBXBuildFile; fileRef = 3FCC1FA31C7E754E00B5EA9A /* MenuOwnerAssociation.swift */; };
		3FE614F91C41904400CFCFD8 /* SubscribeMailCtrl.swift in Sources */ = {isa = PBXBuildFile; fileRef = 3FE614F81C41904400CFCFD8 /* SubscribeMailCtrl.swift */; };
		3FE614FB1C4193A200CFCFD8 /* SubscribeDateCtrl.swift in Sources */ = {isa = PBXBuildFile; fileRef = 3FE614FA1C4193A200CFCFD8 /* SubscribeDateCtrl.swift */; };
		3FE614FD1C42736500CFCFD8 /* SubscribeFinishCtrl.swift in Sources */ = {isa = PBXBuildFile; fileRef = 3FE614FC1C42736500CFCFD8 /* SubscribeFinishCtrl.swift */; };
		3FE615031C47BDED00CFCFD8 /* RequestModel.swift in Sources */ = {isa = PBXBuildFile; fileRef = 3FE615021C47BDED00CFCFD8 /* RequestModel.swift */; };
		3FF1A53D1C17168A00098FBF /* AppDelegate.swift in Sources */ = {isa = PBXBuildFile; fileRef = 3FF1A53C1C17168A00098FBF /* AppDelegate.swift */; };
		3FF1A53F1C17168A00098FBF /* ViewController.swift in Sources */ = {isa = PBXBuildFile; fileRef = 3FF1A53E1C17168A00098FBF /* ViewController.swift */; };
		3FF1A5441C17168A00098FBF /* Assets.xcassets in Resources */ = {isa = PBXBuildFile; fileRef = 3FF1A5431C17168A00098FBF /* Assets.xcassets */; };
		3FF1A5471C17168A00098FBF /* LaunchScreen.storyboard in Resources */ = {isa = PBXBuildFile; fileRef = 3FF1A5451C17168A00098FBF /* LaunchScreen.storyboard */; };
		3FF1A5521C17168A00098FBF /* HelloWorldTests.swift in Sources */ = {isa = PBXBuildFile; fileRef = 3FF1A5511C17168A00098FBF /* HelloWorldTests.swift */; };
		3FF1A55D1C17168A00098FBF /* HelloWorldUITests.swift in Sources */ = {isa = PBXBuildFile; fileRef = 3FF1A55C1C17168A00098FBF /* HelloWorldUITests.swift */; };
		3FF1A56B1C1722D400098FBF /* Images.xcassets in Resources */ = {isa = PBXBuildFile; fileRef = 3FF1A56A1C1722D400098FBF /* Images.xcassets */; };
		3FF3334E1D6741B40060313B /* CommentActu.swift in Sources */ = {isa = PBXBuildFile; fileRef = 3FF3334D1D6741B40060313B /* CommentActu.swift */; };
		3FFCCAFA1CC5612E003159C9 /* CustomCellCreatedEvents.swift in Sources */ = {isa = PBXBuildFile; fileRef = 3FFCCAF91CC5612E003159C9 /* CustomCellCreatedEvents.swift */; };
		85905B05B258F60CD56D06F5 /* Pods.framework in Frameworks */ = {isa = PBXBuildFile; fileRef = EDE962C426CAC7FDBAC4C2C7 /* Pods.framework */; };
/* End PBXBuildFile section */

/* Begin PBXContainerItemProxy section */
		3FF1A54E1C17168A00098FBF /* PBXContainerItemProxy */ = {
			isa = PBXContainerItemProxy;
			containerPortal = 3FF1A5311C17168A00098FBF /* Project object */;
			proxyType = 1;
			remoteGlobalIDString = 3FF1A5381C17168A00098FBF;
			remoteInfo = HelloWorld;
		};
		3FF1A5591C17168A00098FBF /* PBXContainerItemProxy */ = {
			isa = PBXContainerItemProxy;
			containerPortal = 3FF1A5311C17168A00098FBF /* Project object */;
			proxyType = 1;
			remoteGlobalIDString = 3FF1A5381C17168A00098FBF;
			remoteInfo = HelloWorld;
		};
/* End PBXContainerItemProxy section */

/* Begin PBXFileReference section */
		3F0225DE1CB6BEBB00158A1B /* CustomCellHeaderAsso.swift */ = {isa = PBXFileReference; fileEncoding = 4; lastKnownFileType = sourcecode.swift; path = CustomCellHeaderAsso.swift; sourceTree = "<group>"; };
		3F0225E21CBC33C400158A1B /* CustomCellEventMember.swift */ = {isa = PBXFileReference; fileEncoding = 4; lastKnownFileType = sourcecode.swift; path = CustomCellEventMember.swift; sourceTree = "<group>"; };
		3F0225E41CC0092700158A1B /* UpdateEvent.swift */ = {isa = PBXFileReference; fileEncoding = 4; lastKnownFileType = sourcecode.swift; path = UpdateEvent.swift; sourceTree = "<group>"; };
		3F0225E61CC00E0E00158A1B /* UpdateEventDate.swift */ = {isa = PBXFileReference; fileEncoding = 4; lastKnownFileType = sourcecode.swift; path = UpdateEventDate.swift; sourceTree = "<group>"; };
		3F0225E81CC1503100158A1B /* CurrentEvent.swift */ = {isa = PBXFileReference; fileEncoding = 4; lastKnownFileType = sourcecode.swift; path = CurrentEvent.swift; sourceTree = "<group>"; };
		3F12A0641C91E53900513778 /* gestionCompte.swift */ = {isa = PBXFileReference; fileEncoding = 4; lastKnownFileType = sourcecode.swift; path = gestionCompte.swift; sourceTree = "<group>"; };
		3F12A0661C91F14A00513778 /* VolunteerModel.swift */ = {isa = PBXFileReference; fileEncoding = 4; lastKnownFileType = sourcecode.swift; path = VolunteerModel.swift; sourceTree = "<group>"; };
		3F12A0681C94484700513778 /* ParametreAssociation.swift */ = {isa = PBXFileReference; fileEncoding = 4; lastKnownFileType = sourcecode.swift; path = ParametreAssociation.swift; sourceTree = "<group>"; };
		3F12A06B1C95BDF400513778 /* CreateEvent.swift */ = {isa = PBXFileReference; fileEncoding = 4; lastKnownFileType = sourcecode.swift; path = CreateEvent.swift; sourceTree = "<group>"; };
		3F12A0E91C9881D900513778 /* DateEvent.swift */ = {isa = PBXFileReference; fileEncoding = 4; lastKnownFileType = sourcecode.swift; path = DateEvent.swift; sourceTree = "<group>"; };
		3F12A0EB1C98C78200513778 /* EventOfAssociation.swift */ = {isa = PBXFileReference; fileEncoding = 4; lastKnownFileType = sourcecode.swift; path = EventOfAssociation.swift; sourceTree = "<group>"; };
		3F12A0ED1C997BD000513778 /* ProfilEvent.swift */ = {isa = PBXFileReference; fileEncoding = 4; lastKnownFileType = sourcecode.swift; path = ProfilEvent.swift; sourceTree = "<group>"; };
		3F12A0EF1C9B039D00513778 /* InformationEvent.swift */ = {isa = PBXFileReference; fileEncoding = 4; lastKnownFileType = sourcecode.swift; path = InformationEvent.swift; sourceTree = "<group>"; };
		3F12A0F11C9B03B500513778 /* MembersEvent.swift */ = {isa = PBXFileReference; fileEncoding = 4; lastKnownFileType = sourcecode.swift; path = MembersEvent.swift; sourceTree = "<group>"; };
		3F12A0F31C9B0E5400513778 /* MyEvents.swift */ = {isa = PBXFileReference; fileEncoding = 4; lastKnownFileType = sourcecode.swift; path = MyEvents.swift; sourceTree = "<group>"; };
		3F15CD6F1C70DBC5004AB3DE /* NewAssociation.swift */ = {isa = PBXFileReference; fileEncoding = 4; lastKnownFileType = sourcecode.swift; path = NewAssociation.swift; sourceTree = "<group>"; };
		3F15CD711C737753004AB3DE /* AssociationProfil.swift */ = {isa = PBXFileReference; fileEncoding = 4; lastKnownFileType = sourcecode.swift; path = AssociationProfil.swift; sourceTree = "<group>"; };
		3F15CD731C786E95004AB3DE /* AllAssociations.swift */ = {isa = PBXFileReference; fileEncoding = 4; lastKnownFileType = sourcecode.swift; path = AllAssociations.swift; sourceTree = "<group>"; };
		3F1CC05E1D75CC34006F38D7 /* CustomCellActu.xib */ = {isa = PBXFileReference; fileEncoding = 4; lastKnownFileType = file.xib; path = CustomCellActu.xib; sourceTree = "<group>"; };
		3F1CC0601D75CF01006F38D7 /* CustomCellActu.swift */ = {isa = PBXFileReference; fileEncoding = 4; lastKnownFileType = sourcecode.swift; path = CustomCellActu.swift; sourceTree = "<group>"; };
		3F3FAE831CF74FA600E2779C /* CustomCellInviteMember.swift */ = {isa = PBXFileReference; fileEncoding = 4; lastKnownFileType = sourcecode.swift; path = CustomCellInviteMember.swift; sourceTree = "<group>"; };
		3F3FAE851CF7A0D400E2779C /* InviteGuest.swift */ = {isa = PBXFileReference; fileEncoding = 4; lastKnownFileType = sourcecode.swift; path = InviteGuest.swift; sourceTree = "<group>"; };
		3F3FAE871CF7A69900E2779C /* CustomCellInviteGuest.swift */ = {isa = PBXFileReference; fileEncoding = 4; lastKnownFileType = sourcecode.swift; path = CustomCellInviteGuest.swift; sourceTree = "<group>"; };
		3F3FAE891CF7A8FA00E2779C /* CurrentAssociation.swift */ = {isa = PBXFileReference; fileEncoding = 4; lastKnownFileType = sourcecode.swift; path = CurrentAssociation.swift; sourceTree = "<group>"; };
		3F3FAE8C1D03143900E2779C /* LoadPhotoController.swift */ = {isa = PBXFileReference; fileEncoding = 4; lastKnownFileType = sourcecode.swift; path = LoadPhotoController.swift; sourceTree = "<group>"; };
		3F3FAE8E1D2478F800E2779C /* CustomCellInvitations.swift */ = {isa = PBXFileReference; fileEncoding = 4; lastKnownFileType = sourcecode.swift; path = CustomCellInvitations.swift; sourceTree = "<group>"; };
		3F3FAE901D27BA9A00E2779C /* websocket.swift */ = {isa = PBXFileReference; fileEncoding = 4; lastKnownFileType = sourcecode.swift; path = websocket.swift; sourceTree = "<group>"; };
		3F3FAE921D27FE0F00E2779C /* VolunteerEvents.swift */ = {isa = PBXFileReference; fileEncoding = 4; lastKnownFileType = sourcecode.swift; path = VolunteerEvents.swift; sourceTree = "<group>"; };
		3F3FAE961D28072C00E2779C /* CustomCellEventVolunteer.swift */ = {isa = PBXFileReference; fileEncoding = 4; lastKnownFileType = sourcecode.swift; path = CustomCellEventVolunteer.swift; sourceTree = "<group>"; };
		3F3FAE981D48EEEF00E2779C /* CustomCellAssoActu.swift */ = {isa = PBXFileReference; fileEncoding = 4; lastKnownFileType = sourcecode.swift; path = CustomCellAssoActu.swift; sourceTree = "<group>"; };
		3F4FB7461D95576C004563A6 /* ListchatroomController.swift */ = {isa = PBXFileReference; fileEncoding = 4; lastKnownFileType = sourcecode.swift; path = ListchatroomController.swift; sourceTree = "<group>"; };
		3F6025701C21B68600FC7FB1 /* SubscribeCtrl.swift */ = {isa = PBXFileReference; fileEncoding = 4; lastKnownFileType = sourcecode.swift; path = SubscribeCtrl.swift; sourceTree = "<group>"; };
		3F6025721C21EAAA00FC7FB1 /* HomeController.swift */ = {isa = PBXFileReference; fileEncoding = 4; lastKnownFileType = sourcecode.swift; path = HomeController.swift; sourceTree = "<group>"; };
		3F639D541CDF960100F45583 /* ProfilVolunteer.swift */ = {isa = PBXFileReference; fileEncoding = 4; lastKnownFileType = sourcecode.swift; path = ProfilVolunteer.swift; sourceTree = "<group>"; };
		3F639D561CDF972400F45583 /* CustomCellProfil.swift */ = {isa = PBXFileReference; fileEncoding = 4; lastKnownFileType = sourcecode.swift; path = CustomCellProfil.swift; sourceTree = "<group>"; };
		3F639D581CE1047100F45583 /* VolunteerAsso.swift */ = {isa = PBXFileReference; fileEncoding = 4; lastKnownFileType = sourcecode.swift; path = VolunteerAsso.swift; sourceTree = "<group>"; };
		3F639D5A1CE10AFF00F45583 /* CustomCellAssoVolunteer.swift */ = {isa = PBXFileReference; fileEncoding = 4; lastKnownFileType = sourcecode.swift; path = CustomCellAssoVolunteer.swift; sourceTree = "<group>"; };
		3F676F3B1CAB790600466065 /* ViewCell.swift */ = {isa = PBXFileReference; fileEncoding = 4; lastKnownFileType = sourcecode.swift; path = ViewCell.swift; sourceTree = "<group>"; };
		3F676F3F1CABFFD500466065 /* CustomCellCollectionCreateAsso.swift */ = {isa = PBXFileReference; fileEncoding = 4; lastKnownFileType = sourcecode.swift; path = CustomCellCollectionCreateAsso.swift; sourceTree = "<group>"; };
		3F891F641CF3409C00712C6E /* InvitationsController.swift */ = {isa = PBXFileReference; fileEncoding = 4; lastKnownFileType = sourcecode.swift; path = InvitationsController.swift; sourceTree = "<group>"; };
		3F891F661CF3491600712C6E /* InviteMember.swift */ = {isa = PBXFileReference; fileEncoding = 4; lastKnownFileType = sourcecode.swift; path = InviteMember.swift; sourceTree = "<group>"; };
		3F9F470C1C7CC47E007DCDB1 /* itemMyAsssoc.swift */ = {isa = PBXFileReference; fileEncoding = 4; lastKnownFileType = sourcecode.swift; path = itemMyAsssoc.swift; sourceTree = "<group>"; };
		3FB4BF181C4F95EA00110EEA /* MenuController.swift */ = {isa = PBXFileReference; fileEncoding = 4; lastKnownFileType = sourcecode.swift; path = MenuController.swift; sourceTree = "<group>"; };
		3FB4BF1D1C5171D400110EEA /* Base */ = {isa = PBXFileReference; lastKnownFileType = file.storyboard; name = Base; path = Base.lproj/Main.storyboard; sourceTree = "<group>"; };
		3FB4BF1F1C57F96D00110EEA /* TabBarController.swift */ = {isa = PBXFileReference; fileEncoding = 4; lastKnownFileType = sourcecode.swift; path = TabBarController.swift; sourceTree = "<group>"; };
		3FB4BF211C6147CE00110EEA /* MyAssociations.swift */ = {isa = PBXFileReference; fileEncoding = 4; lastKnownFileType = sourcecode.swift; path = MyAssociations.swift; sourceTree = "<group>"; };
		3FB52A521CA1AEBB004D56D3 /* CustomCellMemberAssociation.swift */ = {isa = PBXFileReference; fileEncoding = 4; lastKnownFileType = sourcecode.swift; path = CustomCellMemberAssociation.swift; sourceTree = "<group>"; };
		3FB52A541CA1E6C2004D56D3 /* CustomCellMyEvents.swift */ = {isa = PBXFileReference; fileEncoding = 4; lastKnownFileType = sourcecode.swift; path = CustomCellMyEvents.swift; sourceTree = "<group>"; };
		3FB52A561CA1EBB9004D56D3 /* CustomCellMyAssos.swift */ = {isa = PBXFileReference; fileEncoding = 4; lastKnownFileType = sourcecode.swift; path = CustomCellMyAssos.swift; sourceTree = "<group>"; };
		3FC5219E1CA4318000742193 /* PostStatutAsso.swift */ = {isa = PBXFileReference; fileEncoding = 4; lastKnownFileType = sourcecode.swift; path = PostStatutAsso.swift; sourceTree = "<group>"; };
		3FC521A01CA459DD00742193 /* CustomCellHomePage.swift */ = {isa = PBXFileReference; fileEncoding = 4; lastKnownFileType = sourcecode.swift; path = CustomCellHomePage.swift; sourceTree = "<group>"; };
		3FC521A21CA49AB700742193 /* MyFriends.swift */ = {isa = PBXFileReference; fileEncoding = 4; lastKnownFileType = sourcecode.swift; path = MyFriends.swift; sourceTree = "<group>"; };
		3FC521A41CA49B7300742193 /* CustomFriendCell.swift */ = {isa = PBXFileReference; fileEncoding = 4; lastKnownFileType = sourcecode.swift; path = CustomFriendCell.swift; sourceTree = "<group>"; };
		3FC521A71CA4A6C100742193 /* VolunteerNotification.swift */ = {isa = PBXFileReference; fileEncoding = 4; lastKnownFileType = sourcecode.swift; path = VolunteerNotification.swift; sourceTree = "<group>"; };
		3FC521A91CA4ABD700742193 /* CustomCellNotif.swift */ = {isa = PBXFileReference; fileEncoding = 4; lastKnownFileType = sourcecode.swift; path = CustomCellNotif.swift; sourceTree = "<group>"; };
		3FCC1F9C1C7DE4AE00B5EA9A /* MembersInAssociation.swift */ = {isa = PBXFileReference; fileEncoding = 4; lastKnownFileType = sourcecode.swift; path = MembersInAssociation.swift; sourceTree = "<group>"; };
		3FCC1F9E1C7DEF6900B5EA9A /* DescriptionAssociation.swift */ = {isa = PBXFileReference; fileEncoding = 4; lastKnownFileType = sourcecode.swift; path = DescriptionAssociation.swift; sourceTree = "<group>"; };
		3FCC1FA01C7E709000B5EA9A /* NotifAssociation.swift */ = {isa = PBXFileReference; fileEncoding = 4; lastKnownFileType = sourcecode.swift; path = NotifAssociation.swift; sourceTree = "<group>"; };
		3FCC1FA31C7E754E00B5EA9A /* MenuOwnerAssociation.swift */ = {isa = PBXFileReference; fileEncoding = 4; lastKnownFileType = sourcecode.swift; path = MenuOwnerAssociation.swift; sourceTree = "<group>"; };
		3FE614F81C41904400CFCFD8 /* SubscribeMailCtrl.swift */ = {isa = PBXFileReference; fileEncoding = 4; lastKnownFileType = sourcecode.swift; path = SubscribeMailCtrl.swift; sourceTree = "<group>"; };
		3FE614FA1C4193A200CFCFD8 /* SubscribeDateCtrl.swift */ = {isa = PBXFileReference; fileEncoding = 4; lastKnownFileType = sourcecode.swift; path = SubscribeDateCtrl.swift; sourceTree = "<group>"; };
		3FE614FC1C42736500CFCFD8 /* SubscribeFinishCtrl.swift */ = {isa = PBXFileReference; fileEncoding = 4; lastKnownFileType = sourcecode.swift; path = SubscribeFinishCtrl.swift; sourceTree = "<group>"; };
		3FE615021C47BDED00CFCFD8 /* RequestModel.swift */ = {isa = PBXFileReference; fileEncoding = 4; lastKnownFileType = sourcecode.swift; path = RequestModel.swift; sourceTree = "<group>"; };
		3FF1A5391C17168A00098FBF /* Caritathelp.app */ = {isa = PBXFileReference; explicitFileType = wrapper.application; includeInIndex = 0; path = Caritathelp.app; sourceTree = BUILT_PRODUCTS_DIR; };
		3FF1A53C1C17168A00098FBF /* AppDelegate.swift */ = {isa = PBXFileReference; lastKnownFileType = sourcecode.swift; path = AppDelegate.swift; sourceTree = "<group>"; };
		3FF1A53E1C17168A00098FBF /* ViewController.swift */ = {isa = PBXFileReference; lastKnownFileType = sourcecode.swift; path = ViewController.swift; sourceTree = "<group>"; };
		3FF1A5431C17168A00098FBF /* Assets.xcassets */ = {isa = PBXFileReference; lastKnownFileType = folder.assetcatalog; path = Assets.xcassets; sourceTree = "<group>"; };
		3FF1A5461C17168A00098FBF /* Base */ = {isa = PBXFileReference; lastKnownFileType = file.storyboard; name = Base; path = Base.lproj/LaunchScreen.storyboard; sourceTree = "<group>"; };
		3FF1A5481C17168A00098FBF /* Info.plist */ = {isa = PBXFileReference; lastKnownFileType = text.plist.xml; path = Info.plist; sourceTree = "<group>"; };
		3FF1A54D1C17168A00098FBF /* Caritathelp.xctest */ = {isa = PBXFileReference; explicitFileType = wrapper.cfbundle; includeInIndex = 0; path = Caritathelp.xctest; sourceTree = BUILT_PRODUCTS_DIR; };
		3FF1A5511C17168A00098FBF /* HelloWorldTests.swift */ = {isa = PBXFileReference; lastKnownFileType = sourcecode.swift; path = HelloWorldTests.swift; sourceTree = "<group>"; };
		3FF1A5531C17168A00098FBF /* Info.plist */ = {isa = PBXFileReference; lastKnownFileType = text.plist.xml; path = Info.plist; sourceTree = "<group>"; };
		3FF1A5581C17168A00098FBF /* Caritathelp.xctest */ = {isa = PBXFileReference; explicitFileType = wrapper.cfbundle; includeInIndex = 0; path = Caritathelp.xctest; sourceTree = BUILT_PRODUCTS_DIR; };
		3FF1A55C1C17168A00098FBF /* HelloWorldUITests.swift */ = {isa = PBXFileReference; lastKnownFileType = sourcecode.swift; path = HelloWorldUITests.swift; sourceTree = "<group>"; };
		3FF1A55E1C17168A00098FBF /* Info.plist */ = {isa = PBXFileReference; lastKnownFileType = text.plist.xml; path = Info.plist; sourceTree = "<group>"; };
		3FF1A56A1C1722D400098FBF /* Images.xcassets */ = {isa = PBXFileReference; lastKnownFileType = folder.assetcatalog; path = Images.xcassets; sourceTree = "<group>"; };
		3FF3334D1D6741B40060313B /* CommentActu.swift */ = {isa = PBXFileReference; fileEncoding = 4; lastKnownFileType = sourcecode.swift; path = CommentActu.swift; sourceTree = "<group>"; };
		3FFCCAF91CC5612E003159C9 /* CustomCellCreatedEvents.swift */ = {isa = PBXFileReference; fileEncoding = 4; lastKnownFileType = sourcecode.swift; path = CustomCellCreatedEvents.swift; sourceTree = "<group>"; };
		59FE6D63580C1ED23E788FDF /* Pods.release.xcconfig */ = {isa = PBXFileReference; includeInIndex = 1; lastKnownFileType = text.xcconfig; name = Pods.release.xcconfig; path = "Pods/Target Support Files/Pods/Pods.release.xcconfig"; sourceTree = "<group>"; };
		5C38CEC44B8066BF288477C3 /* Pods.debug.xcconfig */ = {isa = PBXFileReference; includeInIndex = 1; lastKnownFileType = text.xcconfig; name = Pods.debug.xcconfig; path = "Pods/Target Support Files/Pods/Pods.debug.xcconfig"; sourceTree = "<group>"; };
		EDE962C426CAC7FDBAC4C2C7 /* Pods.framework */ = {isa = PBXFileReference; explicitFileType = wrapper.framework; includeInIndex = 0; path = Pods.framework; sourceTree = BUILT_PRODUCTS_DIR; };
/* End PBXFileReference section */

/* Begin PBXFrameworksBuildPhase section */
		3FF1A5361C17168A00098FBF /* Frameworks */ = {
			isa = PBXFrameworksBuildPhase;
			buildActionMask = 2147483647;
			files = (
				85905B05B258F60CD56D06F5 /* Pods.framework in Frameworks */,
			);
			runOnlyForDeploymentPostprocessing = 0;
		};
		3FF1A54A1C17168A00098FBF /* Frameworks */ = {
			isa = PBXFrameworksBuildPhase;
			buildActionMask = 2147483647;
			files = (
			);
			runOnlyForDeploymentPostprocessing = 0;
		};
		3FF1A5551C17168A00098FBF /* Frameworks */ = {
			isa = PBXFrameworksBuildPhase;
			buildActionMask = 2147483647;
			files = (
			);
			runOnlyForDeploymentPostprocessing = 0;
		};
/* End PBXFrameworksBuildPhase section */

/* Begin PBXGroup section */
		1FD5C9C2C67EBBD082E5C756 /* Pods */ = {
			isa = PBXGroup;
			children = (
				5C38CEC44B8066BF288477C3 /* Pods.debug.xcconfig */,
				59FE6D63580C1ED23E788FDF /* Pods.release.xcconfig */,
			);
			name = Pods;
			sourceTree = "<group>";
		};
		3F12A0631C91E51500513778 /* Benevole */ = {
			isa = PBXGroup;
			children = (
				3FB4BF211C6147CE00110EEA /* MyAssociations.swift */,
				3F12A0641C91E53900513778 /* gestionCompte.swift */,
				3F12A0F31C9B0E5400513778 /* MyEvents.swift */,
				3FC521A21CA49AB700742193 /* MyFriends.swift */,
				3F639D541CDF960100F45583 /* ProfilVolunteer.swift */,
				3F639D581CE1047100F45583 /* VolunteerAsso.swift */,
				3F891F641CF3409C00712C6E /* InvitationsController.swift */,
				3F3FAE921D27FE0F00E2779C /* VolunteerEvents.swift */,
			);
			name = Benevole;
			sourceTree = "<group>";
		};
		3F12A06A1C95BDE500513778 /* events */ = {
			isa = PBXGroup;
			children = (
				3F12A06B1C95BDF400513778 /* CreateEvent.swift */,
				3F12A0E91C9881D900513778 /* DateEvent.swift */,
				3F12A0ED1C997BD000513778 /* ProfilEvent.swift */,
				3F12A0EF1C9B039D00513778 /* InformationEvent.swift */,
				3F12A0F11C9B03B500513778 /* MembersEvent.swift */,
				3F0225E21CBC33C400158A1B /* CustomCellEventMember.swift */,
				3F0225E41CC0092700158A1B /* UpdateEvent.swift */,
				3F0225E61CC00E0E00158A1B /* UpdateEventDate.swift */,
				3F3FAE851CF7A0D400E2779C /* InviteGuest.swift */,
			);
			name = events;
			sourceTree = "<group>";
		};
		3F15CD751C787267004AB3DE /* Association */ = {
			isa = PBXGroup;
			children = (
				3F15CD711C737753004AB3DE /* AssociationProfil.swift */,
				3F15CD731C786E95004AB3DE /* AllAssociations.swift */,
				3F15CD6F1C70DBC5004AB3DE /* NewAssociation.swift */,
				3FCC1F9C1C7DE4AE00B5EA9A /* MembersInAssociation.swift */,
				3FCC1F9E1C7DEF6900B5EA9A /* DescriptionAssociation.swift */,
				3FCC1FA01C7E709000B5EA9A /* NotifAssociation.swift */,
				3FCC1FA31C7E754E00B5EA9A /* MenuOwnerAssociation.swift */,
				3F12A0681C94484700513778 /* ParametreAssociation.swift */,
				3F12A0EB1C98C78200513778 /* EventOfAssociation.swift */,
				3FC5219E1CA4318000742193 /* PostStatutAsso.swift */,
				3F891F661CF3491600712C6E /* InviteMember.swift */,
			);
			name = Association;
			sourceTree = "<group>";
		};
		3F3FAE8B1D03141D00E2779C /* PHoto */ = {
			isa = PBXGroup;
			children = (
				3F3FAE8C1D03143900E2779C /* LoadPhotoController.swift */,
			);
			name = PHoto;
			sourceTree = "<group>";
		};
		3F4FB7431D9329B6004563A6 /* comment */ = {
			isa = PBXGroup;
			children = (
				3FF3334D1D6741B40060313B /* CommentActu.swift */,
			);
			name = comment;
			sourceTree = "<group>";
		};
		3F4FB7441D9329C3004563A6 /* CellActu */ = {
			isa = PBXGroup;
			children = (
				3F1CC0601D75CF01006F38D7 /* CustomCellActu.swift */,
				3F1CC05E1D75CC34006F38D7 /* CustomCellActu.xib */,
			);
			name = CellActu;
			sourceTree = "<group>";
		};
		3F4FB7451D9556FB004563A6 /* messagerie */ = {
			isa = PBXGroup;
			children = (
				3F4FB7461D95576C004563A6 /* ListchatroomController.swift */,
			);
			name = messagerie;
			sourceTree = "<group>";
		};
		3F9F470B1C7CC3EB007DCDB1 /* ContainerTableViewCell */ = {
			isa = PBXGroup;
			children = (
				3F9F470C1C7CC47E007DCDB1 /* itemMyAsssoc.swift */,
				3FB52A521CA1AEBB004D56D3 /* CustomCellMemberAssociation.swift */,
				3FB52A541CA1E6C2004D56D3 /* CustomCellMyEvents.swift */,
				3FB52A561CA1EBB9004D56D3 /* CustomCellMyAssos.swift */,
				3FC521A01CA459DD00742193 /* CustomCellHomePage.swift */,
				3FC521A41CA49B7300742193 /* CustomFriendCell.swift */,
				3FC521A91CA4ABD700742193 /* CustomCellNotif.swift */,
				3F676F3B1CAB790600466065 /* ViewCell.swift */,
				3F676F3F1CABFFD500466065 /* CustomCellCollectionCreateAsso.swift */,
				3F0225DE1CB6BEBB00158A1B /* CustomCellHeaderAsso.swift */,
				3FFCCAF91CC5612E003159C9 /* CustomCellCreatedEvents.swift */,
				3F639D561CDF972400F45583 /* CustomCellProfil.swift */,
				3F639D5A1CE10AFF00F45583 /* CustomCellAssoVolunteer.swift */,
				3F3FAE831CF74FA600E2779C /* CustomCellInviteMember.swift */,
				3F3FAE871CF7A69900E2779C /* CustomCellInviteGuest.swift */,
				3F3FAE8E1D2478F800E2779C /* CustomCellInvitations.swift */,
				3F3FAE961D28072C00E2779C /* CustomCellEventVolunteer.swift */,
				3F3FAE981D48EEEF00E2779C /* CustomCellAssoActu.swift */,
			);
			name = ContainerTableViewCell;
			sourceTree = "<group>";
		};
		3FC521A61CA4A6AE00742193 /* Notifications */ = {
			isa = PBXGroup;
			children = (
				3FC521A71CA4A6C100742193 /* VolunteerNotification.swift */,
			);
			name = Notifications;
			sourceTree = "<group>";
		};
		3FCC1FA21C7E716E00B5EA9A /* View */ = {
			isa = PBXGroup;
			children = (
				3FB4BF1C1C5171D400110EEA /* Main.storyboard */,
				3FF1A5451C17168A00098FBF /* LaunchScreen.storyboard */,
			);
			name = View;
			sourceTree = "<group>";
		};
		3FE614F71C418B2000CFCFD8 /* Controller */ = {
			isa = PBXGroup;
			children = (
				3F4FB7451D9556FB004563A6 /* messagerie */,
				3F4FB7441D9329C3004563A6 /* CellActu */,
				3F4FB7431D9329B6004563A6 /* comment */,
				3F3FAE8B1D03141D00E2779C /* PHoto */,
				3FC521A61CA4A6AE00742193 /* Notifications */,
				3F12A06A1C95BDE500513778 /* events */,
				3F12A0631C91E51500513778 /* Benevole */,
				3F9F470B1C7CC3EB007DCDB1 /* ContainerTableViewCell */,
				3F15CD751C787267004AB3DE /* Association */,
				3FE614FE1C42776B00CFCFD8 /* Subscribe */,
				3FF1A53E1C17168A00098FBF /* ViewController.swift */,
				3F6025721C21EAAA00FC7FB1 /* HomeController.swift */,
				3FB4BF181C4F95EA00110EEA /* MenuController.swift */,
				3FB4BF1F1C57F96D00110EEA /* TabBarController.swift */,
			);
			name = Controller;
			sourceTree = "<group>";
		};
		3FE614FE1C42776B00CFCFD8 /* Subscribe */ = {
			isa = PBXGroup;
			children = (
				3F6025701C21B68600FC7FB1 /* SubscribeCtrl.swift */,
				3FE614F81C41904400CFCFD8 /* SubscribeMailCtrl.swift */,
				3FE614FA1C4193A200CFCFD8 /* SubscribeDateCtrl.swift */,
				3FE614FC1C42736500CFCFD8 /* SubscribeFinishCtrl.swift */,
			);
			name = Subscribe;
			sourceTree = "<group>";
		};
		3FE614FF1C46DFDC00CFCFD8 /* model */ = {
			isa = PBXGroup;
			children = (
				3FE615021C47BDED00CFCFD8 /* RequestModel.swift */,
				3F12A0661C91F14A00513778 /* VolunteerModel.swift */,
				3F0225E81CC1503100158A1B /* CurrentEvent.swift */,
				3F3FAE891CF7A8FA00E2779C /* CurrentAssociation.swift */,
				3F3FAE901D27BA9A00E2779C /* websocket.swift */,
			);
			name = model;
			sourceTree = "<group>";
		};
		3FF1A5301C17168A00098FBF = {
			isa = PBXGroup;
			children = (
				3FF1A53B1C17168A00098FBF /* Caritathelp */,
				3FF1A5501C17168A00098FBF /* CaritathelpTests */,
				3FF1A55B1C17168A00098FBF /* CaritathelpUITests */,
				3FF1A53A1C17168A00098FBF /* Products */,
				1FD5C9C2C67EBBD082E5C756 /* Pods */,
				B687C38A455027D77069279D /* Frameworks */,
			);
			sourceTree = "<group>";
		};
		3FF1A53A1C17168A00098FBF /* Products */ = {
			isa = PBXGroup;
			children = (
				3FF1A5391C17168A00098FBF /* Caritathelp.app */,
				3FF1A54D1C17168A00098FBF /* Caritathelp.xctest */,
				3FF1A5581C17168A00098FBF /* Caritathelp.xctest */,
			);
			name = Products;
			sourceTree = "<group>";
		};
		3FF1A53B1C17168A00098FBF /* Caritathelp */ = {
			isa = PBXGroup;
			children = (
				3FCC1FA21C7E716E00B5EA9A /* View */,
				3FE614FF1C46DFDC00CFCFD8 /* model */,
				3FE614F71C418B2000CFCFD8 /* Controller */,
				3FF1A56A1C1722D400098FBF /* Images.xcassets */,
				3FF1A53C1C17168A00098FBF /* AppDelegate.swift */,
				3FF1A5431C17168A00098FBF /* Assets.xcassets */,
				3FF1A5481C17168A00098FBF /* Info.plist */,
			);
			name = Caritathelp;
			path = HelloWorld;
			sourceTree = "<group>";
		};
		3FF1A5501C17168A00098FBF /* CaritathelpTests */ = {
			isa = PBXGroup;
			children = (
				3FF1A5511C17168A00098FBF /* HelloWorldTests.swift */,
				3FF1A5531C17168A00098FBF /* Info.plist */,
			);
			name = CaritathelpTests;
			path = HelloWorldTests;
			sourceTree = "<group>";
		};
		3FF1A55B1C17168A00098FBF /* CaritathelpUITests */ = {
			isa = PBXGroup;
			children = (
				3FF1A55C1C17168A00098FBF /* HelloWorldUITests.swift */,
				3FF1A55E1C17168A00098FBF /* Info.plist */,
			);
			name = CaritathelpUITests;
			path = HelloWorldUITests;
			sourceTree = "<group>";
		};
		B687C38A455027D77069279D /* Frameworks */ = {
			isa = PBXGroup;
			children = (
				EDE962C426CAC7FDBAC4C2C7 /* Pods.framework */,
			);
			name = Frameworks;
			sourceTree = "<group>";
		};
/* End PBXGroup section */

/* Begin PBXNativeTarget section */
		3FF1A5381C17168A00098FBF /* Caritathelp */ = {
			isa = PBXNativeTarget;
			buildConfigurationList = 3FF1A5611C17168A00098FBF /* Build configuration list for PBXNativeTarget "Caritathelp" */;
			buildPhases = (
				AD2E6A6BD2AE7E9588D5915A /* Check Pods Manifest.lock */,
				3FF1A5351C17168A00098FBF /* Sources */,
				3FF1A5361C17168A00098FBF /* Frameworks */,
				3FF1A5371C17168A00098FBF /* Resources */,
				CCD1C75CC63C242EA6528DF0 /* Embed Pods Frameworks */,
				8D0BC7D062C6CAA288C12803 /* Copy Pods Resources */,
			);
			buildRules = (
			);
			dependencies = (
			);
			name = Caritathelp;
			productName = HelloWorld;
			productReference = 3FF1A5391C17168A00098FBF /* Caritathelp.app */;
			productType = "com.apple.product-type.application";
		};
		3FF1A54C1C17168A00098FBF /* CaritathelpTests */ = {
			isa = PBXNativeTarget;
			buildConfigurationList = 3FF1A5641C17168A00098FBF /* Build configuration list for PBXNativeTarget "CaritathelpTests" */;
			buildPhases = (
				3FF1A5491C17168A00098FBF /* Sources */,
				3FF1A54A1C17168A00098FBF /* Frameworks */,
				3FF1A54B1C17168A00098FBF /* Resources */,
			);
			buildRules = (
			);
			dependencies = (
				3FF1A54F1C17168A00098FBF /* PBXTargetDependency */,
			);
			name = CaritathelpTests;
			productName = HelloWorldTests;
			productReference = 3FF1A54D1C17168A00098FBF /* Caritathelp.xctest */;
			productType = "com.apple.product-type.bundle.unit-test";
		};
		3FF1A5571C17168A00098FBF /* CaritathelpUITests */ = {
			isa = PBXNativeTarget;
			buildConfigurationList = 3FF1A5671C17168A00098FBF /* Build configuration list for PBXNativeTarget "CaritathelpUITests" */;
			buildPhases = (
				3FF1A5541C17168A00098FBF /* Sources */,
				3FF1A5551C17168A00098FBF /* Frameworks */,
				3FF1A5561C17168A00098FBF /* Resources */,
			);
			buildRules = (
			);
			dependencies = (
				3FF1A55A1C17168A00098FBF /* PBXTargetDependency */,
			);
			name = CaritathelpUITests;
			productName = HelloWorldUITests;
			productReference = 3FF1A5581C17168A00098FBF /* Caritathelp.xctest */;
			productType = "com.apple.product-type.bundle.ui-testing";
		};
/* End PBXNativeTarget section */

/* Begin PBXProject section */
		3FF1A5311C17168A00098FBF /* Project object */ = {
			isa = PBXProject;
			attributes = {
				LastSwiftUpdateCheck = 0710;
				LastUpgradeCheck = 0710;
				ORGANIZATIONNAME = "Jeremy gros";
				TargetAttributes = {
					3FF1A5381C17168A00098FBF = {
						CreatedOnToolsVersion = 7.1.1;
						DevelopmentTeam = S37C7P2STP;
						LastSwiftMigration = 0800;
						SystemCapabilities = {
							com.apple.BackgroundModes = {
								enabled = 0;
							};
							com.apple.Push = {
								enabled = 0;
							};
						};
					};
					3FF1A54C1C17168A00098FBF = {
						CreatedOnToolsVersion = 7.1.1;
						LastSwiftMigration = 0800;
						TestTargetID = 3FF1A5381C17168A00098FBF;
					};
					3FF1A5571C17168A00098FBF = {
						CreatedOnToolsVersion = 7.1.1;
						LastSwiftMigration = 0800;
						TestTargetID = 3FF1A5381C17168A00098FBF;
					};
				};
			};
			buildConfigurationList = 3FF1A5341C17168A00098FBF /* Build configuration list for PBXProject "Caritathelp" */;
			compatibilityVersion = "Xcode 3.2";
			developmentRegion = English;
			hasScannedForEncodings = 0;
			knownRegions = (
				en,
				Base,
			);
			mainGroup = 3FF1A5301C17168A00098FBF;
			productRefGroup = 3FF1A53A1C17168A00098FBF /* Products */;
			projectDirPath = "";
			projectRoot = "";
			targets = (
				3FF1A5381C17168A00098FBF /* Caritathelp */,
				3FF1A54C1C17168A00098FBF /* CaritathelpTests */,
				3FF1A5571C17168A00098FBF /* CaritathelpUITests */,
			);
		};
/* End PBXProject section */

/* Begin PBXResourcesBuildPhase section */
		3FF1A5371C17168A00098FBF /* Resources */ = {
			isa = PBXResourcesBuildPhase;
			buildActionMask = 2147483647;
			files = (
				3FF1A5471C17168A00098FBF /* LaunchScreen.storyboard in Resources */,
				3FB4BF1E1C5171D400110EEA /* Main.storyboard in Resources */,
				3FF1A56B1C1722D400098FBF /* Images.xcassets in Resources */,
				3FF1A5441C17168A00098FBF /* Assets.xcassets in Resources */,
				3F1CC05F1D75CC34006F38D7 /* CustomCellActu.xib in Resources */,
			);
			runOnlyForDeploymentPostprocessing = 0;
		};
		3FF1A54B1C17168A00098FBF /* Resources */ = {
			isa = PBXResourcesBuildPhase;
			buildActionMask = 2147483647;
			files = (
			);
			runOnlyForDeploymentPostprocessing = 0;
		};
		3FF1A5561C17168A00098FBF /* Resources */ = {
			isa = PBXResourcesBuildPhase;
			buildActionMask = 2147483647;
			files = (
			);
			runOnlyForDeploymentPostprocessing = 0;
		};
/* End PBXResourcesBuildPhase section */

/* Begin PBXShellScriptBuildPhase section */
		8D0BC7D062C6CAA288C12803 /* Copy Pods Resources */ = {
			isa = PBXShellScriptBuildPhase;
			buildActionMask = 2147483647;
			files = (
			);
			inputPaths = (
			);
			name = "Copy Pods Resources";
			outputPaths = (
			);
			runOnlyForDeploymentPostprocessing = 0;
			shellPath = /bin/sh;
			shellScript = "\"${SRCROOT}/Pods/Target Support Files/Pods/Pods-resources.sh\"\n";
			showEnvVarsInLog = 0;
		};
		AD2E6A6BD2AE7E9588D5915A /* Check Pods Manifest.lock */ = {
			isa = PBXShellScriptBuildPhase;
			buildActionMask = 2147483647;
			files = (
			);
			inputPaths = (
			);
			name = "Check Pods Manifest.lock";
			outputPaths = (
			);
			runOnlyForDeploymentPostprocessing = 0;
			shellPath = /bin/sh;
			shellScript = "diff \"${PODS_ROOT}/../Podfile.lock\" \"${PODS_ROOT}/Manifest.lock\" > /dev/null\nif [[ $? != 0 ]] ; then\n    cat << EOM\nerror: The sandbox is not in sync with the Podfile.lock. Run 'pod install' or update your CocoaPods installation.\nEOM\n    exit 1\nfi\n";
			showEnvVarsInLog = 0;
		};
		CCD1C75CC63C242EA6528DF0 /* Embed Pods Frameworks */ = {
			isa = PBXShellScriptBuildPhase;
			buildActionMask = 2147483647;
			files = (
			);
			inputPaths = (
			);
			name = "Embed Pods Frameworks";
			outputPaths = (
			);
			runOnlyForDeploymentPostprocessing = 0;
			shellPath = /bin/sh;
			shellScript = "\"${SRCROOT}/Pods/Target Support Files/Pods/Pods-frameworks.sh\"\n";
			showEnvVarsInLog = 0;
		};
/* End PBXShellScriptBuildPhase section */

/* Begin PBXSourcesBuildPhase section */
		3FF1A5351C17168A00098FBF /* Sources */ = {
			isa = PBXSourcesBuildPhase;
			buildActionMask = 2147483647;
			files = (
				3F12A0F01C9B039D00513778 /* InformationEvent.swift in Sources */,
				3FB52A551CA1E6C2004D56D3 /* CustomCellMyEvents.swift in Sources */,
				3FB4BF191C4F95EA00110EEA /* MenuController.swift in Sources */,
				3F3FAE8F1D2478F800E2779C /* CustomCellInvitations.swift in Sources */,
				3F3FAE911D27BA9A00E2779C /* websocket.swift in Sources */,
				3F0225E71CC00E0E00158A1B /* UpdateEventDate.swift in Sources */,
				3F891F671CF3491600712C6E /* InviteMember.swift in Sources */,
				3F12A0F41C9B0E5400513778 /* MyEvents.swift in Sources */,
				3FC521A11CA459DD00742193 /* CustomCellHomePage.swift in Sources */,
				3F3FAE841CF74FA600E2779C /* CustomCellInviteMember.swift in Sources */,
				3FB4BF221C6147CE00110EEA /* MyAssociations.swift in Sources */,
				3F891F651CF3409C00712C6E /* InvitationsController.swift in Sources */,
				3F12A0671C91F14A00513778 /* VolunteerModel.swift in Sources */,
				3F15CD741C786E95004AB3DE /* AllAssociations.swift in Sources */,
				3F676F401CABFFD500466065 /* CustomCellCollectionCreateAsso.swift in Sources */,
				3FC5219F1CA4318000742193 /* PostStatutAsso.swift in Sources */,
				3F12A0651C91E53900513778 /* gestionCompte.swift in Sources */,
				3F15CD701C70DBC5004AB3DE /* NewAssociation.swift in Sources */,
				3FC521AA1CA4ABD700742193 /* CustomCellNotif.swift in Sources */,
				3FB52A571CA1EBB9004D56D3 /* CustomCellMyAssos.swift in Sources */,
				3FC521A51CA49B7300742193 /* CustomFriendCell.swift in Sources */,
				3FE614FD1C42736500CFCFD8 /* SubscribeFinishCtrl.swift in Sources */,
				3FCC1FA11C7E709000B5EA9A /* NotifAssociation.swift in Sources */,
				3FB4BF201C57F96D00110EEA /* TabBarController.swift in Sources */,
				3F639D5B1CE10AFF00F45583 /* CustomCellAssoVolunteer.swift in Sources */,
				3F639D551CDF960100F45583 /* ProfilVolunteer.swift in Sources */,
				3F12A0691C94484700513778 /* ParametreAssociation.swift in Sources */,
				3FCC1F9F1C7DEF6900B5EA9A /* DescriptionAssociation.swift in Sources */,
				3F15CD721C737753004AB3DE /* AssociationProfil.swift in Sources */,
				3FE614F91C41904400CFCFD8 /* SubscribeMailCtrl.swift in Sources */,
				3FCC1FA41C7E754E00B5EA9A /* MenuOwnerAssociation.swift in Sources */,
				3F6025731C21EAAA00FC7FB1 /* HomeController.swift in Sources */,
				3F0225E91CC1503100158A1B /* CurrentEvent.swift in Sources */,
				3FFCCAFA1CC5612E003159C9 /* CustomCellCreatedEvents.swift in Sources */,
				3F12A0EC1C98C78200513778 /* EventOfAssociation.swift in Sources */,
				3F6025711C21B68600FC7FB1 /* SubscribeCtrl.swift in Sources */,
				3FE615031C47BDED00CFCFD8 /* RequestModel.swift in Sources */,
				3FF1A53F1C17168A00098FBF /* ViewController.swift in Sources */,
				3F0225DF1CB6BEBB00158A1B /* CustomCellHeaderAsso.swift in Sources */,
				3F0225E31CBC33C400158A1B /* CustomCellEventMember.swift in Sources */,
				3F676F3C1CAB790600466065 /* ViewCell.swift in Sources */,
				3F12A0EA1C9881D900513778 /* DateEvent.swift in Sources */,
				3F3FAE971D28072C00E2779C /* CustomCellEventVolunteer.swift in Sources */,
				3F0225E51CC0092700158A1B /* UpdateEvent.swift in Sources */,
				3F3FAE861CF7A0D400E2779C /* InviteGuest.swift in Sources */,
				3F3FAE8D1D03143900E2779C /* LoadPhotoController.swift in Sources */,
				3F639D571CDF972400F45583 /* CustomCellProfil.swift in Sources */,
				3F3FAE8A1CF7A8FA00E2779C /* CurrentAssociation.swift in Sources */,
				3F12A0EE1C997BD000513778 /* ProfilEvent.swift in Sources */,
				3F12A0F21C9B03B500513778 /* MembersEvent.swift in Sources */,
				3FB52A531CA1AEBB004D56D3 /* CustomCellMemberAssociation.swift in Sources */,
				3F3FAE991D48EEEF00E2779C /* CustomCellAssoActu.swift in Sources */,
				3F12A06C1C95BDF400513778 /* CreateEvent.swift in Sources */,
				3F3FAE881CF7A69900E2779C /* CustomCellInviteGuest.swift in Sources */,
				3FF3334E1D6741B40060313B /* CommentActu.swift in Sources */,
				3F1CC0611D75CF01006F38D7 /* CustomCellActu.swift in Sources */,
				3FF1A53D1C17168A00098FBF /* AppDelegate.swift in Sources */,
				3FC521A81CA4A6C100742193 /* VolunteerNotification.swift in Sources */,
				3F9F470D1C7CC47E007DCDB1 /* itemMyAsssoc.swift in Sources */,
				3FCC1F9D1C7DE4AE00B5EA9A /* MembersInAssociation.swift in Sources */,
				3F639D591CE1047100F45583 /* VolunteerAsso.swift in Sources */,
				3F3FAE931D27FE0F00E2779C /* VolunteerEvents.swift in Sources */,
				3FC521A31CA49AB700742193 /* MyFriends.swift in Sources */,
				3F4FB7471D95576C004563A6 /* ListchatroomController.swift in Sources */,
				3FE614FB1C4193A200CFCFD8 /* SubscribeDateCtrl.swift in Sources */,
			);
			runOnlyForDeploymentPostprocessing = 0;
		};
		3FF1A5491C17168A00098FBF /* Sources */ = {
			isa = PBXSourcesBuildPhase;
			buildActionMask = 2147483647;
			files = (
				3FF1A5521C17168A00098FBF /* HelloWorldTests.swift in Sources */,
			);
			runOnlyForDeploymentPostprocessing = 0;
		};
		3FF1A5541C17168A00098FBF /* Sources */ = {
			isa = PBXSourcesBuildPhase;
			buildActionMask = 2147483647;
			files = (
				3FF1A55D1C17168A00098FBF /* HelloWorldUITests.swift in Sources */,
			);
			runOnlyForDeploymentPostprocessing = 0;
		};
/* End PBXSourcesBuildPhase section */

/* Begin PBXTargetDependency section */
		3FF1A54F1C17168A00098FBF /* PBXTargetDependency */ = {
			isa = PBXTargetDependency;
			target = 3FF1A5381C17168A00098FBF /* Caritathelp */;
			targetProxy = 3FF1A54E1C17168A00098FBF /* PBXContainerItemProxy */;
		};
		3FF1A55A1C17168A00098FBF /* PBXTargetDependency */ = {
			isa = PBXTargetDependency;
			target = 3FF1A5381C17168A00098FBF /* Caritathelp */;
			targetProxy = 3FF1A5591C17168A00098FBF /* PBXContainerItemProxy */;
		};
/* End PBXTargetDependency section */

/* Begin PBXVariantGroup section */
		3FB4BF1C1C5171D400110EEA /* Main.storyboard */ = {
			isa = PBXVariantGroup;
			children = (
				3FB4BF1D1C5171D400110EEA /* Base */,
			);
			name = Main.storyboard;
			sourceTree = "<group>";
		};
		3FF1A5451C17168A00098FBF /* LaunchScreen.storyboard */ = {
			isa = PBXVariantGroup;
			children = (
				3FF1A5461C17168A00098FBF /* Base */,
			);
			name = LaunchScreen.storyboard;
			sourceTree = "<group>";
		};
/* End PBXVariantGroup section */

/* Begin XCBuildConfiguration section */
		3FF1A55F1C17168A00098FBF /* Debug */ = {
			isa = XCBuildConfiguration;
			buildSettings = {
				ALWAYS_SEARCH_USER_PATHS = NO;
				CLANG_CXX_LANGUAGE_STANDARD = "gnu++0x";
				CLANG_CXX_LIBRARY = "libc++";
				CLANG_ENABLE_MODULES = YES;
				CLANG_ENABLE_OBJC_ARC = YES;
				CLANG_WARN_BOOL_CONVERSION = YES;
				CLANG_WARN_CONSTANT_CONVERSION = YES;
				CLANG_WARN_DIRECT_OBJC_ISA_USAGE = YES_ERROR;
				CLANG_WARN_EMPTY_BODY = YES;
				CLANG_WARN_ENUM_CONVERSION = YES;
				CLANG_WARN_INT_CONVERSION = YES;
				CLANG_WARN_OBJC_ROOT_CLASS = YES_ERROR;
				CLANG_WARN_UNREACHABLE_CODE = YES;
				CLANG_WARN__DUPLICATE_METHOD_MATCH = YES;
				"CODE_SIGN_IDENTITY[sdk=iphoneos*]" = "iPhone Developer";
				COPY_PHASE_STRIP = NO;
				DEBUG_INFORMATION_FORMAT = dwarf;
				ENABLE_STRICT_OBJC_MSGSEND = YES;
				ENABLE_TESTABILITY = YES;
				GCC_C_LANGUAGE_STANDARD = gnu99;
				GCC_DYNAMIC_NO_PIC = NO;
				GCC_NO_COMMON_BLOCKS = YES;
				GCC_OPTIMIZATION_LEVEL = 0;
				GCC_PREPROCESSOR_DEFINITIONS = (
					"DEBUG=1",
					"$(inherited)",
				);
				GCC_WARN_64_TO_32_BIT_CONVERSION = YES;
				GCC_WARN_ABOUT_RETURN_TYPE = YES_ERROR;
				GCC_WARN_UNDECLARED_SELECTOR = YES;
				GCC_WARN_UNINITIALIZED_AUTOS = YES_AGGRESSIVE;
				GCC_WARN_UNUSED_FUNCTION = YES;
				GCC_WARN_UNUSED_VARIABLE = YES;
				IPHONEOS_DEPLOYMENT_TARGET = 9.1;
				MTL_ENABLE_DEBUG_INFO = YES;
				ONLY_ACTIVE_ARCH = YES;
				SDKROOT = iphoneos;
				SWIFT_OPTIMIZATION_LEVEL = "-Onone";
			};
			name = Debug;
		};
		3FF1A5601C17168A00098FBF /* Release */ = {
			isa = XCBuildConfiguration;
			buildSettings = {
				ALWAYS_SEARCH_USER_PATHS = NO;
				CLANG_CXX_LANGUAGE_STANDARD = "gnu++0x";
				CLANG_CXX_LIBRARY = "libc++";
				CLANG_ENABLE_MODULES = YES;
				CLANG_ENABLE_OBJC_ARC = YES;
				CLANG_WARN_BOOL_CONVERSION = YES;
				CLANG_WARN_CONSTANT_CONVERSION = YES;
				CLANG_WARN_DIRECT_OBJC_ISA_USAGE = YES_ERROR;
				CLANG_WARN_EMPTY_BODY = YES;
				CLANG_WARN_ENUM_CONVERSION = YES;
				CLANG_WARN_INT_CONVERSION = YES;
				CLANG_WARN_OBJC_ROOT_CLASS = YES_ERROR;
				CLANG_WARN_UNREACHABLE_CODE = YES;
				CLANG_WARN__DUPLICATE_METHOD_MATCH = YES;
				"CODE_SIGN_IDENTITY[sdk=iphoneos*]" = "iPhone Developer";
				COPY_PHASE_STRIP = NO;
				DEBUG_INFORMATION_FORMAT = "dwarf-with-dsym";
				ENABLE_NS_ASSERTIONS = NO;
				ENABLE_STRICT_OBJC_MSGSEND = YES;
				GCC_C_LANGUAGE_STANDARD = gnu99;
				GCC_NO_COMMON_BLOCKS = YES;
				GCC_WARN_64_TO_32_BIT_CONVERSION = YES;
				GCC_WARN_ABOUT_RETURN_TYPE = YES_ERROR;
				GCC_WARN_UNDECLARED_SELECTOR = YES;
				GCC_WARN_UNINITIALIZED_AUTOS = YES_AGGRESSIVE;
				GCC_WARN_UNUSED_FUNCTION = YES;
				GCC_WARN_UNUSED_VARIABLE = YES;
				IPHONEOS_DEPLOYMENT_TARGET = 9.1;
				MTL_ENABLE_DEBUG_INFO = NO;
				SDKROOT = iphoneos;
				VALIDATE_PRODUCT = YES;
			};
			name = Release;
		};
		3FF1A5621C17168A00098FBF /* Debug */ = {
			isa = XCBuildConfiguration;
			baseConfigurationReference = 5C38CEC44B8066BF288477C3 /* Pods.debug.xcconfig */;
			buildSettings = {
				ASSETCATALOG_COMPILER_APPICON_NAME = AppIcon;
				CODE_SIGN_IDENTITY = "iPhone Developer";
				"CODE_SIGN_IDENTITY[sdk=iphoneos*]" = "iPhone Developer";
				DEVELOPMENT_TEAM = S37C7P2STP;
				INFOPLIST_FILE = HelloWorld/Info.plist;
				IPHONEOS_DEPLOYMENT_TARGET = 10.0;
				LD_RUNPATH_SEARCH_PATHS = "$(inherited) @executable_path/Frameworks";
				PRODUCT_BUNDLE_IDENTIFIER = com.jeremygros.HelloWorld;
				PRODUCT_NAME = Caritathelp;
				PROVISIONING_PROFILE = "";
				SWIFT_VERSION = 3.0;
			};
			name = Debug;
		};
		3FF1A5631C17168A00098FBF /* Release */ = {
			isa = XCBuildConfiguration;
			baseConfigurationReference = 59FE6D63580C1ED23E788FDF /* Pods.release.xcconfig */;
			buildSettings = {
				ASSETCATALOG_COMPILER_APPICON_NAME = AppIcon;
				CODE_SIGN_IDENTITY = "iPhone Developer";
				"CODE_SIGN_IDENTITY[sdk=iphoneos*]" = "iPhone Developer";
				DEVELOPMENT_TEAM = S37C7P2STP;
				INFOPLIST_FILE = HelloWorld/Info.plist;
				IPHONEOS_DEPLOYMENT_TARGET = 10.0;
				LD_RUNPATH_SEARCH_PATHS = "$(inherited) @executable_path/Frameworks";
				PRODUCT_BUNDLE_IDENTIFIER = com.jeremygros.HelloWorld;
				PRODUCT_NAME = Caritathelp;
				PROVISIONING_PROFILE = "";
				SWIFT_VERSION = 3.0;
			};
			name = Release;
		};
		3FF1A5651C17168A00098FBF /* Debug */ = {
			isa = XCBuildConfiguration;
			buildSettings = {
				BUNDLE_LOADER = "$(TEST_HOST)";
				INFOPLIST_FILE = HelloWorldTests/Info.plist;
				LD_RUNPATH_SEARCH_PATHS = "$(inherited) @executable_path/Frameworks @loader_path/Frameworks";
				PRODUCT_BUNDLE_IDENTIFIER = com.jeremygros.HelloWorldTests;
				PRODUCT_NAME = Caritathelp;
				SWIFT_VERSION = 3.0;
				TEST_HOST = "$(BUILT_PRODUCTS_DIR)/Caritathelp.app/Caritathelp";
			};
			name = Debug;
		};
		3FF1A5661C17168A00098FBF /* Release */ = {
			isa = XCBuildConfiguration;
			buildSettings = {
				BUNDLE_LOADER = "$(TEST_HOST)";
				INFOPLIST_FILE = HelloWorldTests/Info.plist;
				LD_RUNPATH_SEARCH_PATHS = "$(inherited) @executable_path/Frameworks @loader_path/Frameworks";
				PRODUCT_BUNDLE_IDENTIFIER = com.jeremygros.HelloWorldTests;
				PRODUCT_NAME = Caritathelp;
				SWIFT_VERSION = 3.0;
				TEST_HOST = "$(BUILT_PRODUCTS_DIR)/Caritathelp.app/Caritathelp";
			};
			name = Release;
		};
		3FF1A5681C17168A00098FBF /* Debug */ = {
			isa = XCBuildConfiguration;
			buildSettings = {
				INFOPLIST_FILE = HelloWorldUITests/Info.plist;
				LD_RUNPATH_SEARCH_PATHS = "$(inherited) @executable_path/Frameworks @loader_path/Frameworks";
				PRODUCT_BUNDLE_IDENTIFIER = com.jeremygros.HelloWorldUITests;
				PRODUCT_NAME = Caritathelp;
				SWIFT_VERSION = 3.0;
				TEST_TARGET_NAME = HelloWorld;
				USES_XCTRUNNER = YES;
			};
			name = Debug;
		};
		3FF1A5691C17168A00098FBF /* Release */ = {
			isa = XCBuildConfiguration;
			buildSettings = {
				INFOPLIST_FILE = HelloWorldUITests/Info.plist;
				LD_RUNPATH_SEARCH_PATHS = "$(inherited) @executable_path/Frameworks @loader_path/Frameworks";
				PRODUCT_BUNDLE_IDENTIFIER = com.jeremygros.HelloWorldUITests;
				PRODUCT_NAME = Caritathelp;
				SWIFT_VERSION = 3.0;
				TEST_TARGET_NAME = HelloWorld;
				USES_XCTRUNNER = YES;
			};
			name = Release;
		};
/* End XCBuildConfiguration section */

/* Begin XCConfigurationList section */
		3FF1A5341C17168A00098FBF /* Build configuration list for PBXProject "Caritathelp" */ = {
			isa = XCConfigurationList;
			buildConfigurations = (
				3FF1A55F1C17168A00098FBF /* Debug */,
				3FF1A5601C17168A00098FBF /* Release */,
			);
			defaultConfigurationIsVisible = 0;
			defaultConfigurationName = Release;
		};
		3FF1A5611C17168A00098FBF /* Build configuration list for PBXNativeTarget "Caritathelp" */ = {
			isa = XCConfigurationList;
			buildConfigurations = (
				3FF1A5621C17168A00098FBF /* Debug */,
				3FF1A5631C17168A00098FBF /* Release */,
			);
			defaultConfigurationIsVisible = 0;
			defaultConfigurationName = Release;
		};
		3FF1A5641C17168A00098FBF /* Build configuration list for PBXNativeTarget "CaritathelpTests" */ = {
			isa = XCConfigurationList;
			buildConfigurations = (
				3FF1A5651C17168A00098FBF /* Debug */,
				3FF1A5661C17168A00098FBF /* Release */,
			);
			defaultConfigurationIsVisible = 0;
			defaultConfigurationName = Release;
		};
		3FF1A5671C17168A00098FBF /* Build configuration list for PBXNativeTarget "CaritathelpUITests" */ = {
			isa = XCConfigurationList;
			buildConfigurations = (
				3FF1A5681C17168A00098FBF /* Debug */,
				3FF1A5691C17168A00098FBF /* Release */,
			);
			defaultConfigurationIsVisible = 0;
			defaultConfigurationName = Release;
		};
/* End XCConfigurationList section */
	};
	rootObject = 3FF1A5311C17168A00098FBF /* Project object */;
}
